
Microsoft Visual Studio Solution File, Format Version 12.00
# Visual Studio Version 17
VisualStudioVersion = 17.14.36109.1 d17.14
MinimumVisualStudioVersion = 10.0.40219.1
Project("{FAE04EC0-301F-11D3-BF4B-00C04F79EFBC}") = "WeaklyMiniProject2", "WeaklyMiniProject2\WeaklyMiniProject2.csproj", "{A992335F-2736-48F0-AE26-AF72E748E5D9}"
EndProject
Global
	GlobalSection(SolutionConfigurationPlatforms) = preSolution
		Debug|Any CPU = Debug|Any CPU
		Release|Any CPU = Release|Any CPU
	EndGlobalSection
	GlobalSection(ProjectConfigurationPlatforms) = postSolution
		{A992335F-2736-48F0-AE26-AF72E748E5D9}.Debug|Any CPU.ActiveCfg = Debug|Any CPU
		{A992335F-2736-48F0-AE26-AF72E748E5D9}.Debug|Any CPU.Build.0 = Debug|Any CPU
		{A992335F-2736-48F0-AE26-AF72E748E5D9}.Release|Any CPU.ActiveCfg = Release|Any CPU
		{A992335F-2736-48F0-AE26-AF72E748E5D9}.Release|Any CPU.Build.0 = Release|Any CPU
	EndGlobalSection
	GlobalSection(SolutionProperties) = preSolution
		HideSolutionNode = FALSE
	EndGlobalSection
	GlobalSection(ExtensibilityGlobals) = postSolution
		SolutionGuid = {B5C6FF25-C747-4BD4-9165-4581AAB5AD35}
	EndGlobalSection
EndGlobal
